PODS:
  - Alamofire (4.0.1)
  - AlamofireObjectMapper (4.0.0):
    - Alamofire (~> 4.0)
    - ObjectMapper (~> 2.0)
  - AWSCore (2.2.4)
  - AWSS3 (2.2.4):
    - AWSCore (= 2.2.4)
  - Bolts (1.7.0):
    - Bolts/AppLinks (= 1.7.0)
    - Bolts/Tasks (= 1.7.0)
  - Bolts/AppLinks (1.7.0):
    - Bolts/Tasks
  - Bolts/Tasks (1.7.0)
  - DBSphereTagCloud (1.0.0)
  - FBSDKCoreKit (4.11.0):
    - Bolts (~> 1.7)
  - FBSDKLoginKit (4.11.0):
    - FBSDKCoreKit
  - Firebase (2.5.1)
  - FLAnimatedImage (1.0.12)
  - GGLInstanceID (1.1.6)
  - Google/Analytics (1.3.2):
    - Google/Core
    - GoogleAnalytics (~> 3.12)
  - Google/CloudMessaging (1.3.2):
    - GGLInstanceID (~> 1.0)
    - Google/Core
    - GoogleCloudMessaging (~> 1.0)
  - Google/Core (1.3.2):
    - GoogleInterchangeUtilities (~> 1.0)
    - GoogleNetworkingUtilities (~> 1.0)
    - GoogleSymbolUtilities (~> 1.0)
    - GoogleUtilities (~> 1.1)
  - Google/SignIn (1.3.2):
    - Google/Core
    - GoogleSignIn (~> 2.0)
  - GoogleAnalytics (3.14.0)
  - GoogleAppUtilities (1.0.0):
    - GoogleSymbolUtilities (~> 1.0)
  - GoogleAuthUtilities (1.0.1):
    - GoogleNetworkingUtilities (~> 1.0)
    - GoogleSymbolUtilities (~> 1.0)
  - GoogleCloudMessaging (1.2.0):
    - GoogleInterchangeUtilities (~> 1.0)
    - GoogleIPhoneUtilities (~> 1.0)
    - GoogleSymbolUtilities (~> 1.0)
  - GoogleInterchangeUtilities (1.1.0):
    - GoogleSymbolUtilities (~> 1.0)
  - GoogleIPhoneUtilities (1.2.0):
    - GoogleSymbolUtilities (~> 1.0)
    - GoogleUtilities (~> 1.0)
  - GoogleNetworkingUtilities (1.0.0):
    - GoogleSymbolUtilities (~> 1.0)
  - GoogleSignIn (2.4.0):
    - GoogleAppUtilities (~> 1.0)
    - GoogleAuthUtilities (~> 1.0)
    - GoogleNetworkingUtilities (~> 1.0)
    - GoogleUtilities (~> 1.0)
  - GoogleSymbolUtilities (1.0.3)
  - GoogleUtilities (1.1.0):
    - GoogleSymbolUtilities (~> 1.0.0)
  - IlhasoftCore (0.0.9):
    - Alamofire
    - AlamofireObjectMapper
    - MBProgressHUD
    - Proposer
    - SDWebImage
    - SRKControls
    - TPKeyboardAvoiding
  - ISScrollViewPageSwift (0.0.7)
  - JSQMessagesViewController (7.2.0):
    - JSQSystemSoundPlayer (~> 2.0.1)
  - JSQSystemSoundPlayer (2.0.1)
  - MBProgressHUD (1.0.0)
  - NYTPhotoViewer (1.1.0):
    - NYTPhotoViewer/AnimatedGifSupport (= 1.1.0)
    - NYTPhotoViewer/Core (= 1.1.0)
  - NYTPhotoViewer/AnimatedGifSupport (1.1.0):
    - FLAnimatedImage (~> 1.0.8)
    - NYTPhotoViewer/Core
  - NYTPhotoViewer/Core (1.1.0)
  - ObjectMapper (2.1.0)
  - Proposer (1.0.0)
  - QRCodeReader.swift (7.2.0)
  - SDWebImage (3.7.3):
    - SDWebImage/Core (= 3.7.3)
  - SDWebImage/Core (3.7.3)
  - SRKControls (4.0.1):
    - SRKControls/Controls (= 4.0.1)
  - SRKControls/Controls (4.0.1)
  - STTwitter (0.2.5)
  - SwiftAddressBook (0.6.2)
  - TPKeyboardAvoiding (1.2.8)
  - youtube-ios-player-helper (0.1.6)

DEPENDENCIES:
  - AWSS3 (~> 2.2.0)
  - DBSphereTagCloud (from `https://github.com/danielblx/DBSphereTagCloud.git`)
  - FBSDKCoreKit
  - FBSDKLoginKit
  - Firebase (= 2.5.1)
  - Google/Analytics
  - Google/CloudMessaging
  - Google/SignIn
  - IlhasoftCore (from `../IlhasoftCore`)
  - ISScrollViewPageSwift (from `https://github.com/Ilhasoft/ISScrollViewPageSwift`, branch `swift3`)
  - JSQMessagesViewController
  - NYTPhotoViewer
  - Proposer (= 1.0.0)
  - QRCodeReader.swift (= 7.2.0)
  - SDWebImage
  - SRKControls (from `https://github.com/Ilhasoft/SRKControls`)
  - STTwitter
  - SwiftAddressBook (from `https://github.com/SocialbitGmbH/SwiftAddressBook`, branch `chunkyguy-swift3`)
  - TPKeyboardAvoiding
  - youtube-ios-player-helper (= 0.1.6)

EXTERNAL SOURCES:
  DBSphereTagCloud:
    :git: https://github.com/danielblx/DBSphereTagCloud.git
  IlhasoftCore:
    :path: ../IlhasoftCore
  ISScrollViewPageSwift:
    :branch: swift3
    :git: https://github.com/Ilhasoft/ISScrollViewPageSwift
  SRKControls:
    :git: https://github.com/Ilhasoft/SRKControls
  SwiftAddressBook:
    :branch: chunkyguy-swift3
    :git: https://github.com/SocialbitGmbH/SwiftAddressBook

CHECKOUT OPTIONS:
  DBSphereTagCloud:
    :commit: 2523dfdaf0bb9b2830d95400b8e8a9c259f62333
    :git: https://github.com/danielblx/DBSphereTagCloud.git
  ISScrollViewPageSwift:
    :commit: a2414f587a081f294726503288422cf91159960a
    :git: https://github.com/Ilhasoft/ISScrollViewPageSwift
  SRKControls:
    :commit: a15930e85625b28481fbfacdfb47782884ff5b34
    :git: https://github.com/Ilhasoft/SRKControls
  SwiftAddressBook:
    :commit: 23a4a93a665fbf1615b95b95b5baa70e15bdbf0e
    :git: https://github.com/SocialbitGmbH/SwiftAddressBook

SPEC CHECKSUMS:
  Alamofire: 7682d43245de14874acd142ec137b144aa1dd335
  AlamofireObjectMapper: 9faa3ce5a240efda1b209009a2d6e1e949227abc
  AWSCore: 483fa0f25c8508e3364f818e9b941c6204619afa
  AWSS3: da758d5a95e65bb9e6e718245c1a86b6f63de9ae
  Bolts: a0058fa3b331c5a1e4402d534f2dae36dbff31e4
  DBSphereTagCloud: b7f8b02fa136adc011abb839c66081b0c4beb002
  FBSDKCoreKit: 686ac982723a14ec9ddb85e2f81235d7706c891b
  FBSDKLoginKit: bade9fc78277764149ccc5bfaadbf13c83175c6a
  Firebase: 3565ea88b830f28f2c77ecc524622bc71a20d085
  FLAnimatedImage: 4a0b56255d9b05f18b6dd7ee06871be5d3b89e31
  GGLInstanceID: f92465924a9b8a48f712829d22e223653ab8dc72
  Google: 97618e118111b998cce1d8dd1bd98b82301d72db
  GoogleAnalytics: 9be1afdb8deeac4bb5f13ca7f7d3b9db2a1f43dc
  GoogleAppUtilities: c01c6a5671e9da8b9d690fdaec5959d6c2aac699
  GoogleAuthUtilities: 049ffd3a297cdffd271451b82fd4e75304f15ef3
  GoogleCloudMessaging: f37ea14dd0f41d4d889c10b5559dd35bbfd9ac26
  GoogleInterchangeUtilities: d7f7174176fbcf9710f696f1acebad4dbd98ac03
  GoogleIPhoneUtilities: 1c2996078f079d2fc54453dbd13eaf5523666550
  GoogleNetworkingUtilities: 292992ab31b7b4ba32809a0e8b40e324cdfb2c0c
  GoogleSignIn: 79929b51e6299c69f1197bbd9c7a1367d523ecd8
  GoogleSymbolUtilities: 82ad9f93d3615244b3f4ce440f5ab2515e8b4f56
  GoogleUtilities: 8ed9134debe11719097881711464752900668f10
  IlhasoftCore: 68e6fa14c9392b98ffab7c134f93ba1553fbf355
  ISScrollViewPageSwift: 2840b2c26fa43c50a5a0d0be6936f8ba3e983f45
  JSQMessagesViewController: 73cab48aa92fc2d512f3b6724f3425cc47a19eb5
  JSQSystemSoundPlayer: c5850e77a4363ffd374cd851154b9af93264ed8d
  MBProgressHUD: 4890f671c94e8a0f3cf959aa731e9de2f036d71a
  NYTPhotoViewer: e80e8767f3780d2df37c6f72cbab15d6c7232911
  ObjectMapper: e5e0f8aef8590fc2ddcde7f27eddb255863ee6e9
  Proposer: 73303728e11cb6dbe27102deac0da82956a51f16
  QRCodeReader.swift: 2ddf74993243106dd2be5cf9f6e13c7a3e9a2d00
  SDWebImage: 1d2b1a1efda1ade1b00b6f8498865f8ddedc8a84
  SRKControls: 0c223f332b8f9855cee46673da6fa5b64a69057a
  STTwitter: 5c157e8dcb4f0e4cf5b4374393021b7d7b7fd497
  SwiftAddressBook: 88c68c6bd0c6a9cb10e5cdc80f91fd87b5e0f4ec
  TPKeyboardAvoiding: f1ef0028fe9ba98ef2871cf55b4bbc39cae0267b
  youtube-ios-player-helper: 21ab92db027c7ff86cb17a3843a3f6eafc8158d2

PODFILE CHECKSUM: 2c3542984545bf5d64b7b4577ee57c003cf6bfd0

COCOAPODS: 1.1.0.rc.2
