PODS:
  - Alamofire (2.0.1)
  - AlamofireObjectMapper (1.0):
    - Alamofire (~> 2.0.0)
    - ObjectMapper (= 0.17)
  - AMScrollingNavbar (2.0.0)
  - AWSCore (2.2.4)
  - AWSS3 (2.2.4):
    - AWSCore (= 2.2.4)
  - Bolts (1.7.0):
    - Bolts/AppLinks (= 1.7.0)
    - Bolts/Tasks (= 1.7.0)
  - Bolts/AppLinks (1.7.0):
    - Bolts/Tasks
  - Bolts/Tasks (1.7.0)
  - DBSphereTagCloud (1.0.0)
  - FBSDKCoreKit (4.11.0):
    - Bolts (~> 1.7)
  - FBSDKLoginKit (4.11.0):
    - FBSDKCoreKit
  - Firebase (2.3.3)
  - FLAnimatedImage (1.0.12)
  - GGLInstanceID (1.1.6)
  - Google/Analytics (1.3.2):
    - Google/Core
    - GoogleAnalytics (~> 3.12)
  - Google/CloudMessaging (1.3.2):
    - GGLInstanceID (~> 1.0)
    - Google/Core
    - GoogleCloudMessaging (~> 1.0)
  - Google/Core (1.3.2):
    - GoogleInterchangeUtilities (~> 1.0)
    - GoogleNetworkingUtilities (~> 1.0)
    - GoogleSymbolUtilities (~> 1.0)
    - GoogleUtilities (~> 1.1)
  - Google/SignIn (1.3.2):
    - Google/Core
    - GoogleSignIn (~> 2.0)
  - GoogleAnalytics (3.14.0)
  - GoogleAppUtilities (1.0.0):
    - GoogleSymbolUtilities (~> 1.0)
  - GoogleAuthUtilities (1.0.1):
    - GoogleNetworkingUtilities (~> 1.0)
    - GoogleSymbolUtilities (~> 1.0)
  - GoogleCloudMessaging (1.2.0):
    - GoogleInterchangeUtilities (~> 1.0)
    - GoogleIPhoneUtilities (~> 1.0)
    - GoogleSymbolUtilities (~> 1.0)
  - GoogleInterchangeUtilities (1.1.0):
    - GoogleSymbolUtilities (~> 1.0)
  - GoogleIPhoneUtilities (1.2.0):
    - GoogleSymbolUtilities (~> 1.0)
    - GoogleUtilities (~> 1.0)
  - GoogleNetworkingUtilities (1.0.0):
    - GoogleSymbolUtilities (~> 1.0)
  - GoogleSignIn (2.4.0):
    - GoogleAppUtilities (~> 1.0)
    - GoogleAuthUtilities (~> 1.0)
    - GoogleNetworkingUtilities (~> 1.0)
    - GoogleUtilities (~> 1.0)
  - GoogleSymbolUtilities (1.0.3)
  - GoogleUtilities (1.1.0):
    - GoogleSymbolUtilities (~> 1.0.0)
  - IlhasoftCore (0.0.2)
  - JSQMessagesViewController (7.2.0):
    - JSQSystemSoundPlayer (~> 2.0.1)
  - JSQSystemSoundPlayer (2.0.1)
  - NYTPhotoViewer (1.1.0):
    - NYTPhotoViewer/AnimatedGifSupport (= 1.1.0)
    - NYTPhotoViewer/Core (= 1.1.0)
  - NYTPhotoViewer/AnimatedGifSupport (1.1.0):
    - FLAnimatedImage (~> 1.0.8)
    - NYTPhotoViewer/Core
  - NYTPhotoViewer/Core (1.1.0)
  - ObjectMapper (0.17)
  - Proposer (0.9.0)
  - QRCodeReader.swift (6.0.0)
  - SDWebImage (3.7.3):
    - SDWebImage/Core (= 3.7.3)
  - SDWebImage/Core (3.7.3)
  - SwiftAddressBook (0.6.2)
  - TPKeyboardAvoiding (1.2.8)
  - youtube-ios-player-helper (0.1.4)

DEPENDENCIES:
  - Alamofire
  - AlamofireObjectMapper
  - AMScrollingNavbar (~> 2.0.0)
  - AWSS3 (~> 2.2.0)
  - DBSphereTagCloud (from `https://github.com/danielblx/DBSphereTagCloud.git`)
  - FBSDKCoreKit
  - FBSDKLoginKit
  - Firebase (>= 2.3.3)
  - Google/Analytics
  - Google/CloudMessaging
  - Google/SignIn
  - IlhasoftCore (from `https://bitbucket.org/ilhasoft/ilhasoft-core-ios`)
  - JSQMessagesViewController
  - NYTPhotoViewer
  - Proposer
  - QRCodeReader.swift
  - SDWebImage
  - SwiftAddressBook
  - TPKeyboardAvoiding
  - youtube-ios-player-helper (= 0.1.4)

EXTERNAL SOURCES:
  DBSphereTagCloud:
    :git: https://github.com/danielblx/DBSphereTagCloud.git
  IlhasoftCore:
    :git: https://bitbucket.org/ilhasoft/ilhasoft-core-ios

CHECKOUT OPTIONS:
  DBSphereTagCloud:
    :commit: 2523dfdaf0bb9b2830d95400b8e8a9c259f62333
    :git: https://github.com/danielblx/DBSphereTagCloud.git
  IlhasoftCore:
    :commit: 95badd6fa6eb8654ad7d2218f0b8ed47328c5a2a
    :git: https://bitbucket.org/ilhasoft/ilhasoft-core-ios

SPEC CHECKSUMS:
  Alamofire: 1d8e208d616fbbfd2391b15eae766d07c96cdc49
  AlamofireObjectMapper: 4f9d766a4742bb69258921723bafc260849f216c
  AMScrollingNavbar: f6714dc654a41019ab6a57b792b092853455e007
  AWSCore: 483fa0f25c8508e3364f818e9b941c6204619afa
  AWSS3: da758d5a95e65bb9e6e718245c1a86b6f63de9ae
  Bolts: a0058fa3b331c5a1e4402d534f2dae36dbff31e4
  DBSphereTagCloud: b7f8b02fa136adc011abb839c66081b0c4beb002
  FBSDKCoreKit: 686ac982723a14ec9ddb85e2f81235d7706c891b
  FBSDKLoginKit: bade9fc78277764149ccc5bfaadbf13c83175c6a
  Firebase: 2db60272f68ce40c7d47e5ae6eddc16977c65d4c
  FLAnimatedImage: 4a0b56255d9b05f18b6dd7ee06871be5d3b89e31
  GGLInstanceID: f92465924a9b8a48f712829d22e223653ab8dc72
  Google: 97618e118111b998cce1d8dd1bd98b82301d72db
  GoogleAnalytics: 9be1afdb8deeac4bb5f13ca7f7d3b9db2a1f43dc
  GoogleAppUtilities: c01c6a5671e9da8b9d690fdaec5959d6c2aac699
  GoogleAuthUtilities: 049ffd3a297cdffd271451b82fd4e75304f15ef3
  GoogleCloudMessaging: f37ea14dd0f41d4d889c10b5559dd35bbfd9ac26
  GoogleInterchangeUtilities: d7f7174176fbcf9710f696f1acebad4dbd98ac03
  GoogleIPhoneUtilities: 1c2996078f079d2fc54453dbd13eaf5523666550
  GoogleNetworkingUtilities: 292992ab31b7b4ba32809a0e8b40e324cdfb2c0c
  GoogleSignIn: 79929b51e6299c69f1197bbd9c7a1367d523ecd8
  GoogleSymbolUtilities: 82ad9f93d3615244b3f4ce440f5ab2515e8b4f56
  GoogleUtilities: 8ed9134debe11719097881711464752900668f10
  IlhasoftCore: 1baaab574820c114dc14f1b7f6fbde09d271bf2e
  JSQMessagesViewController: 73cab48aa92fc2d512f3b6724f3425cc47a19eb5
  JSQSystemSoundPlayer: c5850e77a4363ffd374cd851154b9af93264ed8d
  NYTPhotoViewer: e80e8767f3780d2df37c6f72cbab15d6c7232911
  ObjectMapper: fa286b7cb5a398f1b0d8d64d0dd33fd1b307022c
  Proposer: 231565a8b6bbb1816f3670d6471e6a84e582c80c
  QRCodeReader.swift: 4aa8b0f88847a51312d6ffd2cafc387962da9dd8
  SDWebImage: 1d2b1a1efda1ade1b00b6f8498865f8ddedc8a84
  SwiftAddressBook: 88c68c6bd0c6a9cb10e5cdc80f91fd87b5e0f4ec
  TPKeyboardAvoiding: f1ef0028fe9ba98ef2871cf55b4bbc39cae0267b
  youtube-ios-player-helper: 84b1485ebb4b7c6b619c6e05edcb55186723a7c6

PODFILE CHECKSUM: 646c5b46634a3d0e290d7b9d1474d693e317869d

COCOAPODS: 1.0.0
