PODS:
  - Alamofire (4.5.1)
  - AlamofireObjectMapper (4.1.0):
    - Alamofire (~> 4.1)
    - ObjectMapper (~> 2.0)
  - AWSCore (2.2.7)
  - AWSS3 (2.2.7):
    - AWSCore (= 2.2.7)
  - Bolts (1.8.4):
    - Bolts/AppLinks (= 1.8.4)
    - Bolts/Tasks (= 1.8.4)
  - Bolts/AppLinks (1.8.4):
    - Bolts/Tasks
  - Bolts/Tasks (1.8.4)
  - DBSphereTagCloud (1.0.0)
  - FBSDKCoreKit (4.27.0):
    - Bolts (~> 1.7)
  - FBSDKLoginKit (4.27.0):
    - FBSDKCoreKit
  - Firebase (2.5.1)
  - FLAnimatedImage (1.0.12)
  - GGLInstanceID (1.2.1)
  - Google/Analytics (2.0.4):
    - Google/Core
    - GoogleAnalytics (~> 3.12)
  - Google/CloudMessaging (2.0.4):
    - GGLInstanceID (~> 1.0)
    - Google/Core
    - GoogleCloudMessaging (~> 1.0)
  - Google/Core (2.0.4):
    - GoogleInterchangeUtilities (~> 1.0)
    - GoogleNetworkingUtilities (~> 1.0)
    - GoogleSymbolUtilities (~> 1.0)
    - GoogleUtilities (~> 1.1)
  - Google/SignIn (2.0.4):
    - Google/Core
    - GoogleSignIn (~> 3.0)
  - GoogleAnalytics (3.17.0)
  - GoogleAppUtilities (1.1.2):
    - GoogleSymbolUtilities (~> 1.1)
  - GoogleAuthUtilities (2.0.2):
    - GoogleNetworkingUtilities (~> 1.2)
    - GoogleSymbolUtilities (~> 1.1)
  - GoogleCloudMessaging (1.2.0):
    - GoogleInterchangeUtilities (~> 1.0)
    - GoogleIPhoneUtilities (~> 1.0)
    - GoogleSymbolUtilities (~> 1.0)
  - GoogleInterchangeUtilities (1.2.2):
    - GoogleSymbolUtilities (~> 1.1)
  - GoogleIPhoneUtilities (1.2.1):
    - GoogleSymbolUtilities (~> 1.0)
    - GoogleUtilities (~> 1.0)
  - GoogleNetworkingUtilities (1.2.2):
    - GoogleSymbolUtilities (~> 1.1)
  - GoogleSignIn (3.0.0):
    - GoogleAppUtilities (~> 1.0)
    - GoogleAuthUtilities (~> 2.0)
    - GoogleNetworkingUtilities (~> 1.0)
    - GoogleUtilities (~> 1.0)
  - GoogleSymbolUtilities (1.1.2)
  - GoogleUtilities (1.3.2):
    - GoogleSymbolUtilities (~> 1.1)
  - IlhasoftCore (0.0.9):
    - Alamofire
    - AlamofireObjectMapper
    - MBProgressHUD
    - Proposer
    - SDWebImage (= 3.8.2)
    - TPKeyboardAvoiding
  - ISScrollViewPageSwift (1.0.0)
  - JSQMessagesViewController (7.3.5):
    - JSQSystemSoundPlayer (~> 2.0.1)
  - JSQSystemSoundPlayer (2.0.1)
  - MBProgressHUD (1.0.0)
  - NYTPhotoViewer (1.2.0):
    - NYTPhotoViewer/AnimatedGifSupport (= 1.2.0)
    - NYTPhotoViewer/Core (= 1.2.0)
  - NYTPhotoViewer/AnimatedGifSupport (1.2.0):
    - FLAnimatedImage (~> 1.0.12)
    - NYTPhotoViewer/Core
  - NYTPhotoViewer/Core (1.2.0)
  - ObjectMapper (2.2.9)
  - Proposer (1.1.0)
  - QRCodeReader.swift (7.2.0)
  - SDWebImage (3.8.2):
    - SDWebImage/Core (= 3.8.2)
  - SDWebImage/Core (3.8.2)
  - SRKControls (4.0.1):
    - SRKControls/Controls (= 4.0.1)
  - SRKControls/Controls (4.0.1)
  - STTwitter (0.2.6)
  - SwiftAddressBook (0.6.2)
  - TPKeyboardAvoiding (1.3.1)
  - youtube-ios-player-helper (0.1.6)

DEPENDENCIES:
  - AWSS3 (~> 2.2.0)
  - DBSphereTagCloud (from `https://github.com/danielblx/DBSphereTagCloud.git`)
  - FBSDKCoreKit
  - FBSDKLoginKit
  - Firebase (= 2.5.1)
  - Google/Analytics
  - Google/CloudMessaging
  - Google/SignIn
  - IlhasoftCore (from `../IlhasoftCore`)
  - ISScrollViewPageSwift (from `https://github.com/Ilhasoft/ISScrollViewPageSwift`)
  - JSQMessagesViewController
  - NYTPhotoViewer
  - Proposer (= 1.1.0)
  - QRCodeReader.swift (= 7.2.0)
  - SDWebImage
  - SRKControls (from `https://github.com/Ilhasoft/SRKControls`)
  - STTwitter
  - SwiftAddressBook (from `https://github.com/SocialbitGmbH/SwiftAddressBook`, branch `chunkyguy-swift3`)
  - TPKeyboardAvoiding
  - youtube-ios-player-helper (= 0.1.6)

EXTERNAL SOURCES:
  DBSphereTagCloud:
    :git: https://github.com/danielblx/DBSphereTagCloud.git
  IlhasoftCore:
    :path: ../IlhasoftCore
  ISScrollViewPageSwift:
    :git: https://github.com/Ilhasoft/ISScrollViewPageSwift
  SRKControls:
    :git: https://github.com/Ilhasoft/SRKControls
  SwiftAddressBook:
    :branch: chunkyguy-swift3
    :git: https://github.com/SocialbitGmbH/SwiftAddressBook

CHECKOUT OPTIONS:
  DBSphereTagCloud:
    :commit: 2523dfdaf0bb9b2830d95400b8e8a9c259f62333
    :git: https://github.com/danielblx/DBSphereTagCloud.git
  ISScrollViewPageSwift:
    :commit: 09dd63102d0d12ab376654204c8beba012b3114b
    :git: https://github.com/Ilhasoft/ISScrollViewPageSwift
  SRKControls:
    :commit: a15930e85625b28481fbfacdfb47782884ff5b34
    :git: https://github.com/Ilhasoft/SRKControls
  SwiftAddressBook:
    :commit: ba5ed3048575330c6a6515c2b2c43976a52c0650
    :git: https://github.com/SocialbitGmbH/SwiftAddressBook

SPEC CHECKSUMS:
  Alamofire: 2d95912bf4c34f164fdfc335872e8c312acaea4a
  AlamofireObjectMapper: 435adc82f5b367679bd9e71c4974a54efd0b2521
  AWSCore: d81e1e534040780deb0f3877aaa207d297e54b4c
  AWSS3: d39bae2ebbcdc450aef30635c85e556317b92a33
  Bolts: 8a7995239dbe724f9cba2248b766d48b7ebdd322
  DBSphereTagCloud: b7f8b02fa136adc011abb839c66081b0c4beb002
  FBSDKCoreKit: ebc6c5f5b3f0e72396041050e2266781a38ac587
  FBSDKLoginKit: 887be4b7452e1c5a3cc4485ce152529965a0c41e
  Firebase: 3565ea88b830f28f2c77ecc524622bc71a20d085
  FLAnimatedImage: 4a0b56255d9b05f18b6dd7ee06871be5d3b89e31
  GGLInstanceID: 4a317044f744281b82cd03015f379899f277cad3
  Google: d536877ec602555b755cc28ce6fed104825c693c
  GoogleAnalytics: f42cc53a87a51fe94334821868d9c8481ff47a7b
  GoogleAppUtilities: a8a552aa74f6597f805e45b5a3962766c3134973
  GoogleAuthUtilities: ccad2e0a9284699973ff57c0dd24c3893657fda4
  GoogleCloudMessaging: f37ea14dd0f41d4d889c10b5559dd35bbfd9ac26
  GoogleInterchangeUtilities: d5bc4d88d5b661ab72f9d70c58d02ca8c27ad1f7
  GoogleIPhoneUtilities: 63f25e93a3ddcb66884d182aab3a660d98f1479b
  GoogleNetworkingUtilities: 3edd3a8161347494f2da60ea0deddc8a472d94cb
  GoogleSignIn: 3d571172b8603be39dcb1705d8217146bb76fe62
  GoogleSymbolUtilities: 631ee17048aa5e9ab133470d768ea997a5ef9b96
  GoogleUtilities: 8bbc733218aad26306f9d4a253823986110e3358
  IlhasoftCore: 3919606d5e820986fb90e9354de3e52238e61530
  ISScrollViewPageSwift: a54a0f1f2d1dbdf27ce31d08124473a7b050ee17
  JSQMessagesViewController: 6587f56aedbcb150a8ba1d968e1ef58b1bc758b7
  JSQSystemSoundPlayer: c5850e77a4363ffd374cd851154b9af93264ed8d
  MBProgressHUD: 4890f671c94e8a0f3cf959aa731e9de2f036d71a
  NYTPhotoViewer: 323217e4590a1586eb3c9674b3fefb0fb8b57896
  ObjectMapper: 63cfe41bc6f8e7c8f44344c49901b8ae7de14c52
  Proposer: 422c693b1917a461af30e7139b0d05eefe999e16
  QRCodeReader.swift: 2ddf74993243106dd2be5cf9f6e13c7a3e9a2d00
  SDWebImage: 098e97e6176540799c27e804c96653ee0833d13c
  SRKControls: 0c223f332b8f9855cee46673da6fa5b64a69057a
  STTwitter: 30ee2f79eff78c3d633a1edc869e97db9c9ead59
  SwiftAddressBook: 88c68c6bd0c6a9cb10e5cdc80f91fd87b5e0f4ec
  TPKeyboardAvoiding: 0d6af20e95e2850f4c621841225b59ec7d8dd852
  youtube-ios-player-helper: 21ab92db027c7ff86cb17a3843a3f6eafc8158d2

PODFILE CHECKSUM: 6456948d01a7441ca523a713a6bb20c8a8eab4e4

COCOAPODS: 1.3.1
